version = 1
project = "todo-app"
ir_kind = "ec"
ec_path = "examples/todo-app/external-contracts"
inventory_path = "examples/todo-app/external-contracts/pyproject.toml"
generated_at = "2026-07-23T03:02:36.071579+00:00"
ir_digest = "sha256:c78c89c285493534aeeda230baef879f5672470e0eb1bbdf4159ef8b6209cc01"
source_digest = "sha256:ddb40f099b41476a873c3b7e178a83160276d22e1abcda2a9e732da849d35aa9"
tool_contracts = []

[[sources]]
path = "examples/todo-app/external-contracts/pyproject.toml"
digest = "sha256:213d0448926eb8ba7eb72b385f110b586485cee4df9555be62d1b0dc4ca657c0"

[[sources]]
path = "examples/todo-app/external-contracts/src/_native_test.py"
digest = "sha256:fd58920aaa0efb7b1a7a739f45b10428cfd657a2f63280a0b01463865c59aecb"

[[sources]]
path = "examples/todo-app/external-contracts/src/behavior_create_list.py"
digest = "sha256:8f7124c7bc7c79474294f679341f59d71589e0745d0d8147e4e4683b007f4992"

[[sources]]
path = "examples/todo-app/external-contracts/src/efficiency_native_test.py"
digest = "sha256:480ecd94e8523a3e174d0318beb04ee671949f42bb271c295079b079aa970622"

[[sources]]
path = "examples/todo-app/external-contracts/src/security_validation.py"
digest = "sha256:05117c94bd361f7966212c59693c6213dcaaea8324f70d4ada91a9192d8f69d1"

[[sources]]
path = "examples/todo-app/external-contracts/src/stability_storage.py"
digest = "sha256:37ef52c152a5d30ae9ab75769a60026acee8ec044f060a352adb367ce56e4722"

[[cases]]
id = "todo-create-list"
capability_id = "todo-http-api"
claim_id = "create-list"
contract_id = "todo-create-list"
dimension = "behavior"
source_ref = "examples/todo-app/external-contracts/pyproject.toml#case:todo-create-list"
test_path = "examples/todo-app/external-contracts/src/behavior_create_list.py"
command = "python3 examples/todo-app/verify_ec.py todo-create-list"
required_for_production = true
assertions = [
    "A valid Todo can be created and subsequently appears in the ordered list.",
    "artifact: artifact:todo/api",
    "oracle: native Rust Todo repository contract",
    "target: rust",
]
evidence_digest = "sha256:711fc918322b9150bddcbf4f3b871010d51b794c20a4f695f0f57ac1d38300e0"
evaluator_digest = "sha256:e3b0c44298fc1c149afbf4c8996fb92427ae41e4649b934ca495991b7852b855"
digest = "sha256:9ed9466048507d5cc63d29f9f6a44784e93b1162732e20532a37a647f0203187"

[[cases]]
id = "todo-input-validation"
capability_id = "todo-http-api"
claim_id = "validation"
contract_id = "todo-input-validation"
dimension = "security"
source_ref = "examples/todo-app/external-contracts/pyproject.toml#case:todo-input-validation"
test_path = "examples/todo-app/external-contracts/src/security_validation.py"
command = "python3 examples/todo-app/verify_ec.py todo-input-validation"
required_for_production = true
assertions = [
    "Malformed title, priority, and due date inputs are rejected before persistence.",
    "artifact: artifact:todo/api",
    "oracle: domain validation tests",
    "target: rust",
]
evidence_digest = "sha256:a275195d584a6166c6fdde28df583f14dde43ba0ae4e601eb47bc1a78a6f12fa"
evaluator_digest = "sha256:e3b0c44298fc1c149afbf4c8996fb92427ae41e4649b934ca495991b7852b855"
digest = "sha256:21a920ba6617dbb8dc8b5e011edac287d442bf77841853992e0514f44d146cc9"

[[cases]]
id = "todo-native-test-budget"
capability_id = "todo-http-api"
claim_id = "native-test-budget"
contract_id = "todo-native-test-budget"
dimension = "efficiency"
source_ref = "examples/todo-app/external-contracts/pyproject.toml#case:todo-native-test-budget"
test_path = "examples/todo-app/external-contracts/src/efficiency_native_test.py"
command = "python3 examples/todo-app/verify_ec.py todo-native-test-budget"
required_for_production = true
assertions = [
    "The bounded native Todo suite completes within its declared local budget.",
    "artifact: artifact:todo/api",
    "oracle: cargo test exit status and elapsed wall time",
    "threshold: 30 seconds",
    "target: rust",
]
evidence_digest = "sha256:56d64cb02e65e082cbc746e5e4131afcc8b664e212629a204422829d0a7b5cd3"
evaluator_digest = "sha256:e3b0c44298fc1c149afbf4c8996fb92427ae41e4649b934ca495991b7852b855"
digest = "sha256:e926bcc41fce08a0aaf005b5f73d4a649c26d9ce00373e80ad664c753ec4a3a6"

[[cases]]
id = "todo-repeatable-storage"
capability_id = "todo-http-api"
claim_id = "storage-roundtrip"
contract_id = "todo-repeatable-storage"
dimension = "stability"
source_ref = "examples/todo-app/external-contracts/pyproject.toml#case:todo-repeatable-storage"
test_path = "examples/todo-app/external-contracts/src/stability_storage.py"
command = "python3 examples/todo-app/verify_ec.py todo-repeatable-storage"
required_for_production = true
assertions = [
    "SQLite CRUD survives independent repository connections.",
    "artifact: artifact:todo/api",
    "oracle: native SQLite round-trip test",
    "threshold: 0 failures",
    "target: rust",
]
evidence_digest = "sha256:bac6587add979eb176ee7774ce9a64ad6fb261acb8d5126bd971404a858546ea"
evaluator_digest = "sha256:e3b0c44298fc1c149afbf4c8996fb92427ae41e4649b934ca495991b7852b855"
digest = "sha256:e307d9258a0b6cfd2ba8526139b1e7f7b3db761ca819f182ccc4b993d81a2634"
